
Microsoft Visual Studio Solution File, Format Version 12.00
# Visual Studio Version 17
VisualStudioVersion = 17.2.32616.157
MinimumVisualStudioVersion = 10.0.40219.1
Project("{FAE04EC0-301F-11D3-BF4B-00C04F79EFBC}") = "XML-Reader", "XML-Reader\XML-Reader.csproj", "{494CF54E-A348-4C4B-B4C6-304DB72D7D6E}"
EndProject
Global
	GlobalSection(SolutionConfigurationPlatforms) = preSolution
		Debug|Any CPU = Debug|Any CPU
		Release|Any CPU = Release|Any CPU
	EndGlobalSection
	GlobalSection(ProjectConfigurationPlatforms) = postSolution
		{494CF54E-A348-4C4B-B4C6-304DB72D7D6E}.Debug|Any CPU.ActiveCfg = Debug|Any CPU
		{494CF54E-A348-4C4B-B4C6-304DB72D7D6E}.Debug|Any CPU.Build.0 = Debug|Any CPU
		{494CF54E-A348-4C4B-B4C6-304DB72D7D6E}.Release|Any CPU.ActiveCfg = Release|Any CPU
		{494CF54E-A348-4C4B-B4C6-304DB72D7D6E}.Release|Any CPU.Build.0 = Release|Any CPU
	EndGlobalSection
	GlobalSection(SolutionProperties) = preSolution
		HideSolutionNode = FALSE
	EndGlobalSection
	GlobalSection(ExtensibilityGlobals) = postSolution
		SolutionGuid = {89AC9C4C-AAFD-441D-A810-9CC89B64C2CD}
	EndGlobalSection
EndGlobal
